
Microsoft Visual Studio Solution File, Format Version 12.00
# Visual Studio 15
Project("{FAE04EC0-301F-11D3-BF4B-00C04F79EFBC}") = "UnityEngine.UI", "UnityEngine.UI.csproj", "{6BB8F453-56EA-633F-B9F3-8D1A86E54197}"
EndProject
Project("{FAE04EC0-301F-11D3-BF4B-00C04F79EFBC}") = "UnityEngine.TestRunner", "UnityEngine.TestRunner.csproj", "{912BED05-2D5E-E2F1-51BA-9E32C1AE64EF}"
EndProject
Project("{FAE04EC0-301F-11D3-BF4B-00C04F79EFBC}") = "Unity.VisualScripting.Flow", "Unity.VisualScripting.Flow.csproj", "{6AC0B2FF-7965-717B-A9EC-2F3F1534DC5F}"
EndProject
Project("{FAE04EC0-301F-11D3-BF4B-00C04F79EFBC}") = "Assembly-CSharp", "Assembly-CSharp.csproj", "{0D9DAEC7-B12C-B95D-2899-433C035BB07E}"
EndProject
Project("{FAE04EC0-301F-11D3-BF4B-00C04F79EFBC}") = "Unity.Services.Core.Telemetry", "Unity.Services.Core.Telemetry.csproj", "{E7389FE2-FD56-11C7-C33A-946301D620C3}"
EndProject
Project("{FAE04EC0-301F-11D3-BF4B-00C04F79EFBC}") = "Unity.VisualScripting.State", "Unity.VisualScripting.State.csproj", "{D1CF4AA9-D533-9570-2AB3-75E5FBA20F01}"
EndProject
Project("{FAE04EC0-301F-11D3-BF4B-00C04F79EFBC}") = "Unity.VisualScripting.Core", "Unity.VisualScripting.Core.csproj", "{0B169C1D-EE5E-5CEF-A554-4B02CC6039F5}"
EndProject
Project("{FAE04EC0-301F-11D3-BF4B-00C04F79EFBC}") = "Unity.Services.Core.Environments.Internal", "Unity.Services.Core.Environments.Internal.csproj", "{46F6EE9B-E0B2-3426-4689-865F9A49C85D}"
EndProject
Project("{FAE04EC0-301F-11D3-BF4B-00C04F79EFBC}") = "Unity.TextMeshPro", "Unity.TextMeshPro.csproj", "{A6E4F1A7-A4FE-6A1C-B6D5-A29335262A7C}"
EndProject
Project("{FAE04EC0-301F-11D3-BF4B-00C04F79EFBC}") = "Unity.Timeline", "Unity.Timeline.csproj", "{7E9BEA3F-350F-C69D-A851-4FABE8FC277F}"
EndProject
Project("{FAE04EC0-301F-11D3-BF4B-00C04F79EFBC}") = "Unity.Services.Core", "Unity.Services.Core.csproj", "{5184B1CD-429F-540C-D467-BC789A0DB635}"
EndProject
Project("{FAE04EC0-301F-11D3-BF4B-00C04F79EFBC}") = "Unity.Services.Core.Environments", "Unity.Services.Core.Environments.csproj", "{054490CE-4849-24EA-54A8-C6C009E2BABD}"
EndProject
Project("{FAE04EC0-301F-11D3-BF4B-00C04F79EFBC}") = "Unity.Services.Core.Internal", "Unity.Services.Core.Internal.csproj", "{F2DC1D74-D197-0701-1ECB-223F05C04B8E}"
EndProject
Project("{FAE04EC0-301F-11D3-BF4B-00C04F79EFBC}") = "Unity.Services.Core.Analytics", "Unity.Services.Core.Analytics.csproj", "{AB6EB859-25DD-0B1A-1D90-50E9BD958769}"
EndProject
Project("{FAE04EC0-301F-11D3-BF4B-00C04F79EFBC}") = "Unity.Services.Core.Scheduler", "Unity.Services.Core.Scheduler.csproj", "{18713A61-9256-B8A8-7240-1E90285C426A}"
EndProject
Project("{FAE04EC0-301F-11D3-BF4B-00C04F79EFBC}") = "Unity.Services.Core.Registration", "Unity.Services.Core.Registration.csproj", "{56ABF550-8D07-75D7-1DA1-561A25AB48F1}"
EndProject
Project("{FAE04EC0-301F-11D3-BF4B-00C04F79EFBC}") = "Unity.Services.Core.Device", "Unity.Services.Core.Device.csproj", "{949FAB9C-44DA-E200-951E-AE56F29DFF93}"
EndProject
Project("{FAE04EC0-301F-11D3-BF4B-00C04F79EFBC}") = "Unity.Services.Core.Threading", "Unity.Services.Core.Threading.csproj", "{75EEC279-AD4F-3D35-C54C-616679016DDA}"
EndProject
Project("{FAE04EC0-301F-11D3-BF4B-00C04F79EFBC}") = "Unity.Services.Core.Networking", "Unity.Services.Core.Networking.csproj", "{9884C7A1-6EA9-1E35-757C-B421C65A382A}"
EndProject
Project("{FAE04EC0-301F-11D3-BF4B-00C04F79EFBC}") = "Unity.Services.Core.Configuration", "Unity.Services.Core.Configuration.csproj", "{6ED3C750-4137-E7F8-C51A-2CD2F4F31231}"
EndProject
Project("{FAE04EC0-301F-11D3-BF4B-00C04F79EFBC}") = "Unity.PlasticSCM.Editor", "Unity.PlasticSCM.Editor.csproj", "{22F9FAD5-40ED-1674-08DF-56C9E54066CE}"
EndProject
Project("{FAE04EC0-301F-11D3-BF4B-00C04F79EFBC}") = "Unity.VisualScripting.Core.Editor", "Unity.VisualScripting.Core.Editor.csproj", "{56FD8C87-25D5-ACFA-CE8C-E4B3E05FF655}"
EndProject
Project("{FAE04EC0-301F-11D3-BF4B-00C04F79EFBC}") = "Unity.VisualScripting.Flow.Editor", "Unity.VisualScripting.Flow.Editor.csproj", "{47CA91B6-E1F8-ADE0-4357-8B7AA9A15B8E}"
EndProject
Project("{FAE04EC0-301F-11D3-BF4B-00C04F79EFBC}") = "Unity.VisualStudio.Editor", "Unity.VisualStudio.Editor.csproj", "{DA72CE40-7219-31C8-E44D-1FA2B22C2001}"
EndProject
Project("{FAE04EC0-301F-11D3-BF4B-00C04F79EFBC}") = "Unity.Timeline.Editor", "Unity.Timeline.Editor.csproj", "{69ABD701-DD9E-57FF-55A5-0A413002300F}"
EndProject
Project("{FAE04EC0-301F-11D3-BF4B-00C04F79EFBC}") = "Unity.VisualScripting.State.Editor", "Unity.VisualScripting.State.Editor.csproj", "{7B588092-11AB-5619-7ED4-EB977C3C762E}"
EndProject
Project("{FAE04EC0-301F-11D3-BF4B-00C04F79EFBC}") = "Unity.TextMeshPro.Editor", "Unity.TextMeshPro.Editor.csproj", "{2F75F3B7-9289-ACB2-09B6-8D9C74E811A6}"
EndProject
Project("{FAE04EC0-301F-11D3-BF4B-00C04F79EFBC}") = "Unity.VisualScripting.SettingsProvider.Editor", "Unity.VisualScripting.SettingsProvider.Editor.csproj", "{7817B7D5-5BA0-FF63-50B3-9BBA8D9DFB49}"
EndProject
Project("{FAE04EC0-301F-11D3-BF4B-00C04F79EFBC}") = "Unity.CollabProxy.Editor", "Unity.CollabProxy.Editor.csproj", "{B174805A-2794-E0E9-73E5-41C8E2FD195C}"
EndProject
Project("{FAE04EC0-301F-11D3-BF4B-00C04F79EFBC}") = "UnityEditor.TestRunner", "UnityEditor.TestRunner.csproj", "{3A3FCC4E-4C52-8579-B752-640BFC96E25A}"
EndProject
Project("{FAE04EC0-301F-11D3-BF4B-00C04F79EFBC}") = "Unity.Services.Core.Editor", "Unity.Services.Core.Editor.csproj", "{C54EDDCC-64F4-F87D-2EA8-EBC9A271C0CE}"
EndProject
Project("{FAE04EC0-301F-11D3-BF4B-00C04F79EFBC}") = "Unity.TestTools.CodeCoverage.Editor", "Unity.TestTools.CodeCoverage.Editor.csproj", "{C4546B3F-8D93-41B2-8170-FD60024A0C24}"
EndProject
Project("{FAE04EC0-301F-11D3-BF4B-00C04F79EFBC}") = "Unity.Rider.Editor", "Unity.Rider.Editor.csproj", "{D42B21BD-D6F4-F858-9584-BE3C28988895}"
EndProject
Project("{FAE04EC0-301F-11D3-BF4B-00C04F79EFBC}") = "Unity.Performance.Profile-Analyzer.Editor", "Unity.Performance.Profile-Analyzer.Editor.csproj", "{32EE253F-7639-E966-335B-7EB0E22C6536}"
EndProject
Project("{FAE04EC0-301F-11D3-BF4B-00C04F79EFBC}") = "Unity.VSCode.Editor", "Unity.VSCode.Editor.csproj", "{F91D9524-A921-1711-07E8-22971CF8677E}"
EndProject
Project("{FAE04EC0-301F-11D3-BF4B-00C04F79EFBC}") = "UnityEditor.UI", "UnityEditor.UI.csproj", "{47DE9246-2634-4F6B-7207-5351F762B005}"
EndProject
Project("{FAE04EC0-301F-11D3-BF4B-00C04F79EFBC}") = "Unity.TestTools.CodeCoverage.Editor.OpenCover.Model", "Unity.TestTools.CodeCoverage.Editor.OpenCover.Model.csproj", "{6FC63CDB-7B3B-1D14-E95D-45129E2D33DA}"
EndProject
Project("{FAE04EC0-301F-11D3-BF4B-00C04F79EFBC}") = "Unity.EditorCoroutines.Editor", "Unity.EditorCoroutines.Editor.csproj", "{6F4E01F0-6B9B-74B2-8245-C40BA023AB69}"
EndProject
Project("{FAE04EC0-301F-11D3-BF4B-00C04F79EFBC}") = "Unity.Settings.Editor", "Unity.Settings.Editor.csproj", "{37D16669-A2DE-E9C9-90EC-16B746C91980}"
EndProject
Project("{FAE04EC0-301F-11D3-BF4B-00C04F79EFBC}") = "Unity.Services.Core.Configuration.Editor", "Unity.Services.Core.Configuration.Editor.csproj", "{EC75CCE9-C3C1-CD1B-5343-0C431B3332E6}"
EndProject
Project("{FAE04EC0-301F-11D3-BF4B-00C04F79EFBC}") = "Unity.TestTools.CodeCoverage.Editor.OpenCover.Mono.Reflection", "Unity.TestTools.CodeCoverage.Editor.OpenCover.Mono.Reflection.csproj", "{7D3EB32E-E586-61E3-CE1C-014CF78D0BB2}"
EndProject
Project("{FAE04EC0-301F-11D3-BF4B-00C04F79EFBC}") = "Unity.VisualScripting.Shared.Editor", "Unity.VisualScripting.Shared.Editor.csproj", "{38866B58-89F9-D14F-C732-E1BC4DD476D6}"
EndProject
Project("{FAE04EC0-301F-11D3-BF4B-00C04F79EFBC}") = "UnityEngine.UI", "UnityEngine.UI.Player.csproj", "{C7D29466-94BC-AE36-D83B-E1B42B6AF0BE}"
EndProject
Project("{FAE04EC0-301F-11D3-BF4B-00C04F79EFBC}") = "UnityEngine.TestRunner", "UnityEngine.TestRunner.Player.csproj", "{B64799E2-DDEC-E110-B550-788D8600207F}"
EndProject
Project("{FAE04EC0-301F-11D3-BF4B-00C04F79EFBC}") = "Unity.VisualScripting.Flow", "Unity.VisualScripting.Flow.Player.csproj", "{35D249F3-4DEB-95F4-08C0-F1D11F90986D}"
EndProject
Project("{FAE04EC0-301F-11D3-BF4B-00C04F79EFBC}") = "Assembly-CSharp", "Assembly-CSharp.Player.csproj", "{3FAFDDDA-D148-7106-21F5-7C9429AEFFF0}"
EndProject
Project("{FAE04EC0-301F-11D3-BF4B-00C04F79EFBC}") = "Unity.Services.Core.Telemetry", "Unity.Services.Core.Telemetry.Player.csproj", "{725B5B82-5C38-62A2-B282-813C179DD1B2}"
EndProject
Project("{FAE04EC0-301F-11D3-BF4B-00C04F79EFBC}") = "Unity.VisualScripting.State", "Unity.VisualScripting.State.Player.csproj", "{1C190369-988A-B787-205A-EA82F70DFFE9}"
EndProject
Project("{FAE04EC0-301F-11D3-BF4B-00C04F79EFBC}") = "Unity.VisualScripting.Core", "Unity.VisualScripting.Core.Player.csproj", "{4190D78E-6F5E-A4EE-CF81-FBE77787220F}"
EndProject
Project("{FAE04EC0-301F-11D3-BF4B-00C04F79EFBC}") = "Unity.Services.Core.Environments.Internal", "Unity.Services.Core.Environments.Internal.Player.csproj", "{2E840284-C206-B796-0FA6-971ACA9EEE1E}"
EndProject
Project("{FAE04EC0-301F-11D3-BF4B-00C04F79EFBC}") = "Unity.TextMeshPro", "Unity.TextMeshPro.Player.csproj", "{5DBE52B7-07F8-5D8E-27BD-2D2768D7DE02}"
EndProject
Project("{FAE04EC0-301F-11D3-BF4B-00C04F79EFBC}") = "Unity.Timeline", "Unity.Timeline.Player.csproj", "{D22A9227-29FE-1BA0-7E97-94EB25BAC986}"
EndProject
Project("{FAE04EC0-301F-11D3-BF4B-00C04F79EFBC}") = "Unity.Services.Core", "Unity.Services.Core.Player.csproj", "{9EBC47A6-ED4B-EB9B-AFF4-AFB46896392F}"
EndProject
Project("{FAE04EC0-301F-11D3-BF4B-00C04F79EFBC}") = "Unity.Services.Core.Environments", "Unity.Services.Core.Environments.Player.csproj", "{433EBFA2-1827-3084-E523-BFF384D577E2}"
EndProject
Project("{FAE04EC0-301F-11D3-BF4B-00C04F79EFBC}") = "Unity.Services.Core.Internal", "Unity.Services.Core.Internal.Player.csproj", "{F19FE069-6A34-5B49-6E44-C44F92DC8874}"
EndProject
Project("{FAE04EC0-301F-11D3-BF4B-00C04F79EFBC}") = "Unity.Services.Core.Analytics", "Unity.Services.Core.Analytics.Player.csproj", "{0158CFCB-821D-9897-171E-02B8B9974BD3}"
EndProject
Project("{FAE04EC0-301F-11D3-BF4B-00C04F79EFBC}") = "Unity.Services.Core.Scheduler", "Unity.Services.Core.Scheduler.Player.csproj", "{5F7976E1-965C-C418-6C46-BA7F77A2ED59}"
EndProject
Project("{FAE04EC0-301F-11D3-BF4B-00C04F79EFBC}") = "Unity.Services.Core.Registration", "Unity.Services.Core.Registration.Player.csproj", "{5E94C45D-DF2E-C8DC-E7AE-5608E396642C}"
EndProject
Project("{FAE04EC0-301F-11D3-BF4B-00C04F79EFBC}") = "Unity.Services.Core.Device", "Unity.Services.Core.Device.Player.csproj", "{B5FC74EF-98C7-26DD-D54E-0D9CA9BB7554}"
EndProject
Project("{FAE04EC0-301F-11D3-BF4B-00C04F79EFBC}") = "Unity.Services.Core.Threading", "Unity.Services.Core.Threading.Player.csproj", "{0F8668CB-4516-0B82-185E-9F87263E781D}"
EndProject
Project("{FAE04EC0-301F-11D3-BF4B-00C04F79EFBC}") = "Unity.Services.Core.Networking", "Unity.Services.Core.Networking.Player.csproj", "{7C4B8F4D-E692-05BA-494F-3296CA08A4BE}"
EndProject
Project("{FAE04EC0-301F-11D3-BF4B-00C04F79EFBC}") = "Unity.Services.Core.Configuration", "Unity.Services.Core.Configuration.Player.csproj", "{08B40B86-A92F-700B-E10E-D807233439C8}"
EndProject
Global
	GlobalSection(SolutionConfigurationPlatforms) = preSolution
		Debug|Any CPU = Debug|Any CPU
		Release|Any CPU = Release|Any CPU
	EndGlobalSection
	GlobalSection(ProjectConfigurationPlatforms) = postSolution
		{6BB8F453-56EA-633F-B9F3-8D1A86E54197}.Debug|Any CPU.ActiveCfg = Debug|Any CPU
		{6BB8F453-56EA-633F-B9F3-8D1A86E54197}.Debug|Any CPU.Build.0 = Debug|Any CPU
		{6BB8F453-56EA-633F-B9F3-8D1A86E54197}.Release|Any CPU.ActiveCfg = Release|Any CPU
		{6BB8F453-56EA-633F-B9F3-8D1A86E54197}.Release|Any CPU.Build.0 = Release|Any CPU
		{912BED05-2D5E-E2F1-51BA-9E32C1AE64EF}.Debug|Any CPU.ActiveCfg = Debug|Any CPU
		{912BED05-2D5E-E2F1-51BA-9E32C1AE64EF}.Debug|Any CPU.Build.0 = Debug|Any CPU
		{912BED05-2D5E-E2F1-51BA-9E32C1AE64EF}.Release|Any CPU.ActiveCfg = Release|Any CPU
		{912BED05-2D5E-E2F1-51BA-9E32C1AE64EF}.Release|Any CPU.Build.0 = Release|Any CPU
		{6AC0B2FF-7965-717B-A9EC-2F3F1534DC5F}.Debug|Any CPU.ActiveCfg = Debug|Any CPU
		{6AC0B2FF-7965-717B-A9EC-2F3F1534DC5F}.Debug|Any CPU.Build.0 = Debug|Any CPU
		{6AC0B2FF-7965-717B-A9EC-2F3F1534DC5F}.Release|Any CPU.ActiveCfg = Release|Any CPU
		{6AC0B2FF-7965-717B-A9EC-2F3F1534DC5F}.Release|Any CPU.Build.0 = Release|Any CPU
		{0D9DAEC7-B12C-B95D-2899-433C035BB07E}.Debug|Any CPU.ActiveCfg = Debug|Any CPU
		{0D9DAEC7-B12C-B95D-2899-433C035BB07E}.Debug|Any CPU.Build.0 = Debug|Any CPU
		{0D9DAEC7-B12C-B95D-2899-433C035BB07E}.Release|Any CPU.ActiveCfg = Release|Any CPU
		{0D9DAEC7-B12C-B95D-2899-433C035BB07E}.Release|Any CPU.Build.0 = Release|Any CPU
		{E7389FE2-FD56-11C7-C33A-946301D620C3}.Debug|Any CPU.ActiveCfg = Debug|Any CPU
		{E7389FE2-FD56-11C7-C33A-946301D620C3}.Debug|Any CPU.Build.0 = Debug|Any CPU
		{E7389FE2-FD56-11C7-C33A-946301D620C3}.Release|Any CPU.ActiveCfg = Release|Any CPU
		{E7389FE2-FD56-11C7-C33A-946301D620C3}.Release|Any CPU.Build.0 = Release|Any CPU
		{D1CF4AA9-D533-9570-2AB3-75E5FBA20F01}.Debug|Any CPU.ActiveCfg = Debug|Any CPU
		{D1CF4AA9-D533-9570-2AB3-75E5FBA20F01}.Debug|Any CPU.Build.0 = Debug|Any CPU
		{D1CF4AA9-D533-9570-2AB3-75E5FBA20F01}.Release|Any CPU.ActiveCfg = Release|Any CPU
		{D1CF4AA9-D533-9570-2AB3-75E5FBA20F01}.Release|Any CPU.Build.0 = Release|Any CPU
		{0B169C1D-EE5E-5CEF-A554-4B02CC6039F5}.Debug|Any CPU.ActiveCfg = Debug|Any CPU
		{0B169C1D-EE5E-5CEF-A554-4B02CC6039F5}.Debug|Any CPU.Build.0 = Debug|Any CPU
		{0B169C1D-EE5E-5CEF-A554-4B02CC6039F5}.Release|Any CPU.ActiveCfg = Release|Any CPU
		{0B169C1D-EE5E-5CEF-A554-4B02CC6039F5}.Release|Any CPU.Build.0 = Release|Any CPU
		{46F6EE9B-E0B2-3426-4689-865F9A49C85D}.Debug|Any CPU.ActiveCfg = Debug|Any CPU
		{46F6EE9B-E0B2-3426-4689-865F9A49C85D}.Debug|Any CPU.Build.0 = Debug|Any CPU
		{46F6EE9B-E0B2-3426-4689-865F9A49C85D}.Release|Any CPU.ActiveCfg = Release|Any CPU
		{46F6EE9B-E0B2-3426-4689-865F9A49C85D}.Release|Any CPU.Build.0 = Release|Any CPU
		{A6E4F1A7-A4FE-6A1C-B6D5-A29335262A7C}.Debug|Any CPU.ActiveCfg = Debug|Any CPU
		{A6E4F1A7-A4FE-6A1C-B6D5-A29335262A7C}.Debug|Any CPU.Build.0 = Debug|Any CPU
		{A6E4F1A7-A4FE-6A1C-B6D5-A29335262A7C}.Release|Any CPU.ActiveCfg = Release|Any CPU
		{A6E4F1A7-A4FE-6A1C-B6D5-A29335262A7C}.Release|Any CPU.Build.0 = Release|Any CPU
		{7E9BEA3F-350F-C69D-A851-4FABE8FC277F}.Debug|Any CPU.ActiveCfg = Debug|Any CPU
		{7E9BEA3F-350F-C69D-A851-4FABE8FC277F}.Debug|Any CPU.Build.0 = Debug|Any CPU
		{7E9BEA3F-350F-C69D-A851-4FABE8FC277F}.Release|Any CPU.ActiveCfg = Release|Any CPU
		{7E9BEA3F-350F-C69D-A851-4FABE8FC277F}.Release|Any CPU.Build.0 = Release|Any CPU
		{5184B1CD-429F-540C-D467-BC789A0DB635}.Debug|Any CPU.ActiveCfg = Debug|Any CPU
		{5184B1CD-429F-540C-D467-BC789A0DB635}.Debug|Any CPU.Build.0 = Debug|Any CPU
		{5184B1CD-429F-540C-D467-BC789A0DB635}.Release|Any CPU.ActiveCfg = Release|Any CPU
		{5184B1CD-429F-540C-D467-BC789A0DB635}.Release|Any CPU.Build.0 = Release|Any CPU
		{054490CE-4849-24EA-54A8-C6C009E2BABD}.Debug|Any CPU.ActiveCfg = Debug|Any CPU
		{054490CE-4849-24EA-54A8-C6C009E2BABD}.Debug|Any CPU.Build.0 = Debug|Any CPU
		{054490CE-4849-24EA-54A8-C6C009E2BABD}.Release|Any CPU.ActiveCfg = Release|Any CPU
		{054490CE-4849-24EA-54A8-C6C009E2BABD}.Release|Any CPU.Build.0 = Release|Any CPU
		{F2DC1D74-D197-0701-1ECB-223F05C04B8E}.Debug|Any CPU.ActiveCfg = Debug|Any CPU
		{F2DC1D74-D197-0701-1ECB-223F05C04B8E}.Debug|Any CPU.Build.0 = Debug|Any CPU
		{F2DC1D74-D197-0701-1ECB-223F05C04B8E}.Release|Any CPU.ActiveCfg = Release|Any CPU
		{F2DC1D74-D197-0701-1ECB-223F05C04B8E}.Release|Any CPU.Build.0 = Release|Any CPU
		{AB6EB859-25DD-0B1A-1D90-50E9BD958769}.Debug|Any CPU.ActiveCfg = Debug|Any CPU
		{AB6EB859-25DD-0B1A-1D90-50E9BD958769}.Debug|Any CPU.Build.0 = Debug|Any CPU
		{AB6EB859-25DD-0B1A-1D90-50E9BD958769}.Release|Any CPU.ActiveCfg = Release|Any CPU
		{AB6EB859-25DD-0B1A-1D90-50E9BD958769}.Release|Any CPU.Build.0 = Release|Any CPU
		{18713A61-9256-B8A8-7240-1E90285C426A}.Debug|Any CPU.ActiveCfg = Debug|Any CPU
		{18713A61-9256-B8A8-7240-1E90285C426A}.Debug|Any CPU.Build.0 = Debug|Any CPU
		{18713A61-9256-B8A8-7240-1E90285C426A}.Release|Any CPU.ActiveCfg = Release|Any CPU
		{18713A61-9256-B8A8-7240-1E90285C426A}.Release|Any CPU.Build.0 = Release|Any CPU
		{56ABF550-8D07-75D7-1DA1-561A25AB48F1}.Debug|Any CPU.ActiveCfg = Debug|Any CPU
		{56ABF550-8D07-75D7-1DA1-561A25AB48F1}.Debug|Any CPU.Build.0 = Debug|Any CPU
		{56ABF550-8D07-75D7-1DA1-561A25AB48F1}.Release|Any CPU.ActiveCfg = Release|Any CPU
		{56ABF550-8D07-75D7-1DA1-561A25AB48F1}.Release|Any CPU.Build.0 = Release|Any CPU
		{949FAB9C-44DA-E200-951E-AE56F29DFF93}.Debug|Any CPU.ActiveCfg = Debug|Any CPU
		{949FAB9C-44DA-E200-951E-AE56F29DFF93}.Debug|Any CPU.Build.0 = Debug|Any CPU
		{949FAB9C-44DA-E200-951E-AE56F29DFF93}.Release|Any CPU.ActiveCfg = Release|Any CPU
		{949FAB9C-44DA-E200-951E-AE56F29DFF93}.Release|Any CPU.Build.0 = Release|Any CPU
		{75EEC279-AD4F-3D35-C54C-616679016DDA}.Debug|Any CPU.ActiveCfg = Debug|Any CPU
		{75EEC279-AD4F-3D35-C54C-616679016DDA}.Debug|Any CPU.Build.0 = Debug|Any CPU
		{75EEC279-AD4F-3D35-C54C-616679016DDA}.Release|Any CPU.ActiveCfg = Release|Any CPU
		{75EEC279-AD4F-3D35-C54C-616679016DDA}.Release|Any CPU.Build.0 = Release|Any CPU
		{9884C7A1-6EA9-1E35-757C-B421C65A382A}.Debug|Any CPU.ActiveCfg = Debug|Any CPU
		{9884C7A1-6EA9-1E35-757C-B421C65A382A}.Debug|Any CPU.Build.0 = Debug|Any CPU
		{9884C7A1-6EA9-1E35-757C-B421C65A382A}.Release|Any CPU.ActiveCfg = Release|Any CPU
		{9884C7A1-6EA9-1E35-757C-B421C65A382A}.Release|Any CPU.Build.0 = Release|Any CPU
		{6ED3C750-4137-E7F8-C51A-2CD2F4F31231}.Debug|Any CPU.ActiveCfg = Debug|Any CPU
		{6ED3C750-4137-E7F8-C51A-2CD2F4F31231}.Debug|Any CPU.Build.0 = Debug|Any CPU
		{6ED3C750-4137-E7F8-C51A-2CD2F4F31231}.Release|Any CPU.ActiveCfg = Release|Any CPU
		{6ED3C750-4137-E7F8-C51A-2CD2F4F31231}.Release|Any CPU.Build.0 = Release|Any CPU
		{22F9FAD5-40ED-1674-08DF-56C9E54066CE}.Debug|Any CPU.ActiveCfg = Debug|Any CPU
		{22F9FAD5-40ED-1674-08DF-56C9E54066CE}.Debug|Any CPU.Build.0 = Debug|Any CPU
		{22F9FAD5-40ED-1674-08DF-56C9E54066CE}.Release|Any CPU.ActiveCfg = Release|Any CPU
		{22F9FAD5-40ED-1674-08DF-56C9E54066CE}.Release|Any CPU.Build.0 = Release|Any CPU
		{56FD8C87-25D5-ACFA-CE8C-E4B3E05FF655}.Debug|Any CPU.ActiveCfg = Debug|Any CPU
		{56FD8C87-25D5-ACFA-CE8C-E4B3E05FF655}.Debug|Any CPU.Build.0 = Debug|Any CPU
		{56FD8C87-25D5-ACFA-CE8C-E4B3E05FF655}.Release|Any CPU.ActiveCfg = Release|Any CPU
		{56FD8C87-25D5-ACFA-CE8C-E4B3E05FF655}.Release|Any CPU.Build.0 = Release|Any CPU
		{47CA91B6-E1F8-ADE0-4357-8B7AA9A15B8E}.Debug|Any CPU.ActiveCfg = Debug|Any CPU
		{47CA91B6-E1F8-ADE0-4357-8B7AA9A15B8E}.Debug|Any CPU.Build.0 = Debug|Any CPU
		{47CA91B6-E1F8-ADE0-4357-8B7AA9A15B8E}.Release|Any CPU.ActiveCfg = Release|Any CPU
		{47CA91B6-E1F8-ADE0-4357-8B7AA9A15B8E}.Release|Any CPU.Build.0 = Release|Any CPU
		{DA72CE40-7219-31C8-E44D-1FA2B22C2001}.Debug|Any CPU.ActiveCfg = Debug|Any CPU
		{DA72CE40-7219-31C8-E44D-1FA2B22C2001}.Debug|Any CPU.Build.0 = Debug|Any CPU
		{DA72CE40-7219-31C8-E44D-1FA2B22C2001}.Release|Any CPU.ActiveCfg = Release|Any CPU
		{DA72CE40-7219-31C8-E44D-1FA2B22C2001}.Release|Any CPU.Build.0 = Release|Any CPU
		{69ABD701-DD9E-57FF-55A5-0A413002300F}.Debug|Any CPU.ActiveCfg = Debug|Any CPU
		{69ABD701-DD9E-57FF-55A5-0A413002300F}.Debug|Any CPU.Build.0 = Debug|Any CPU
		{69ABD701-DD9E-57FF-55A5-0A413002300F}.Release|Any CPU.ActiveCfg = Release|Any CPU
		{69ABD701-DD9E-57FF-55A5-0A413002300F}.Release|Any CPU.Build.0 = Release|Any CPU
		{7B588092-11AB-5619-7ED4-EB977C3C762E}.Debug|Any CPU.ActiveCfg = Debug|Any CPU
		{7B588092-11AB-5619-7ED4-EB977C3C762E}.Debug|Any CPU.Build.0 = Debug|Any CPU
		{7B588092-11AB-5619-7ED4-EB977C3C762E}.Release|Any CPU.ActiveCfg = Release|Any CPU
		{7B588092-11AB-5619-7ED4-EB977C3C762E}.Release|Any CPU.Build.0 = Release|Any CPU
		{2F75F3B7-9289-ACB2-09B6-8D9C74E811A6}.Debug|Any CPU.ActiveCfg = Debug|Any CPU
		{2F75F3B7-9289-ACB2-09B6-8D9C74E811A6}.Debug|Any CPU.Build.0 = Debug|Any CPU
		{2F75F3B7-9289-ACB2-09B6-8D9C74E811A6}.Release|Any CPU.ActiveCfg = Release|Any CPU
		{2F75F3B7-9289-ACB2-09B6-8D9C74E811A6}.Release|Any CPU.Build.0 = Release|Any CPU
		{7817B7D5-5BA0-FF63-50B3-9BBA8D9DFB49}.Debug|Any CPU.ActiveCfg = Debug|Any CPU
		{7817B7D5-5BA0-FF63-50B3-9BBA8D9DFB49}.Debug|Any CPU.Build.0 = Debug|Any CPU
		{7817B7D5-5BA0-FF63-50B3-9BBA8D9DFB49}.Release|Any CPU.ActiveCfg = Release|Any CPU
		{7817B7D5-5BA0-FF63-50B3-9BBA8D9DFB49}.Release|Any CPU.Build.0 = Release|Any CPU
		{B174805A-2794-E0E9-73E5-41C8E2FD195C}.Debug|Any CPU.ActiveCfg = Debug|Any CPU
		{B174805A-2794-E0E9-73E5-41C8E2FD195C}.Debug|Any CPU.Build.0 = Debug|Any CPU
		{B174805A-2794-E0E9-73E5-41C8E2FD195C}.Release|Any CPU.ActiveCfg = Release|Any CPU
		{B174805A-2794-E0E9-73E5-41C8E2FD195C}.Release|Any CPU.Build.0 = Release|Any CPU
		{3A3FCC4E-4C52-8579-B752-640BFC96E25A}.Debug|Any CPU.ActiveCfg = Debug|Any CPU
		{3A3FCC4E-4C52-8579-B752-640BFC96E25A}.Debug|Any CPU.Build.0 = Debug|Any CPU
		{3A3FCC4E-4C52-8579-B752-640BFC96E25A}.Release|Any CPU.ActiveCfg = Release|Any CPU
		{3A3FCC4E-4C52-8579-B752-640BFC96E25A}.Release|Any CPU.Build.0 = Release|Any CPU
		{C54EDDCC-64F4-F87D-2EA8-EBC9A271C0CE}.Debug|Any CPU.ActiveCfg = Debug|Any CPU
		{C54EDDCC-64F4-F87D-2EA8-EBC9A271C0CE}.Debug|Any CPU.Build.0 = Debug|Any CPU
		{C54EDDCC-64F4-F87D-2EA8-EBC9A271C0CE}.Release|Any CPU.ActiveCfg = Release|Any CPU
		{C54EDDCC-64F4-F87D-2EA8-EBC9A271C0CE}.Release|Any CPU.Build.0 = Release|Any CPU
		{C4546B3F-8D93-41B2-8170-FD60024A0C24}.Debug|Any CPU.ActiveCfg = Debug|Any CPU
		{C4546B3F-8D93-41B2-8170-FD60024A0C24}.Debug|Any CPU.Build.0 = Debug|Any CPU
		{C4546B3F-8D93-41B2-8170-FD60024A0C24}.Release|Any CPU.ActiveCfg = Release|Any CPU
		{C4546B3F-8D93-41B2-8170-FD60024A0C24}.Release|Any CPU.Build.0 = Release|Any CPU
		{D42B21BD-D6F4-F858-9584-BE3C28988895}.Debug|Any CPU.ActiveCfg = Debug|Any CPU
		{D42B21BD-D6F4-F858-9584-BE3C28988895}.Debug|Any CPU.Build.0 = Debug|Any CPU
		{D42B21BD-D6F4-F858-9584-BE3C28988895}.Release|Any CPU.ActiveCfg = Release|Any CPU
		{D42B21BD-D6F4-F858-9584-BE3C28988895}.Release|Any CPU.Build.0 = Release|Any CPU
		{32EE253F-7639-E966-335B-7EB0E22C6536}.Debug|Any CPU.ActiveCfg = Debug|Any CPU
		{32EE253F-7639-E966-335B-7EB0E22C6536}.Debug|Any CPU.Build.0 = Debug|Any CPU
		{32EE253F-7639-E966-335B-7EB0E22C6536}.Release|Any CPU.ActiveCfg = Release|Any CPU
		{32EE253F-7639-E966-335B-7EB0E22C6536}.Release|Any CPU.Build.0 = Release|Any CPU
		{F91D9524-A921-1711-07E8-22971CF8677E}.Debug|Any CPU.ActiveCfg = Debug|Any CPU
		{F91D9524-A921-1711-07E8-22971CF8677E}.Debug|Any CPU.Build.0 = Debug|Any CPU
		{F91D9524-A921-1711-07E8-22971CF8677E}.Release|Any CPU.ActiveCfg = Release|Any CPU
		{F91D9524-A921-1711-07E8-22971CF8677E}.Release|Any CPU.Build.0 = Release|Any CPU
		{47DE9246-2634-4F6B-7207-5351F762B005}.Debug|Any CPU.ActiveCfg = Debug|Any CPU
		{47DE9246-2634-4F6B-7207-5351F762B005}.Debug|Any CPU.Build.0 = Debug|Any CPU
		{47DE9246-2634-4F6B-7207-5351F762B005}.Release|Any CPU.ActiveCfg = Release|Any CPU
		{47DE9246-2634-4F6B-7207-5351F762B005}.Release|Any CPU.Build.0 = Release|Any CPU
		{6FC63CDB-7B3B-1D14-E95D-45129E2D33DA}.Debug|Any CPU.ActiveCfg = Debug|Any CPU
		{6FC63CDB-7B3B-1D14-E95D-45129E2D33DA}.Debug|Any CPU.Build.0 = Debug|Any CPU
		{6FC63CDB-7B3B-1D14-E95D-45129E2D33DA}.Release|Any CPU.ActiveCfg = Release|Any CPU
		{6FC63CDB-7B3B-1D14-E95D-45129E2D33DA}.Release|Any CPU.Build.0 = Release|Any CPU
		{6F4E01F0-6B9B-74B2-8245-C40BA023AB69}.Debug|Any CPU.ActiveCfg = Debug|Any CPU
		{6F4E01F0-6B9B-74B2-8245-C40BA023AB69}.Debug|Any CPU.Build.0 = Debug|Any CPU
		{6F4E01F0-6B9B-74B2-8245-C40BA023AB69}.Release|Any CPU.ActiveCfg = Release|Any CPU
		{6F4E01F0-6B9B-74B2-8245-C40BA023AB69}.Release|Any CPU.Build.0 = Release|Any CPU
		{37D16669-A2DE-E9C9-90EC-16B746C91980}.Debug|Any CPU.ActiveCfg = Debug|Any CPU
		{37D16669-A2DE-E9C9-90EC-16B746C91980}.Debug|Any CPU.Build.0 = Debug|Any CPU
		{37D16669-A2DE-E9C9-90EC-16B746C91980}.Release|Any CPU.ActiveCfg = Release|Any CPU
		{37D16669-A2DE-E9C9-90EC-16B746C91980}.Release|Any CPU.Build.0 = Release|Any CPU
		{EC75CCE9-C3C1-CD1B-5343-0C431B3332E6}.Debug|Any CPU.ActiveCfg = Debug|Any CPU
		{EC75CCE9-C3C1-CD1B-5343-0C431B3332E6}.Debug|Any CPU.Build.0 = Debug|Any CPU
		{EC75CCE9-C3C1-CD1B-5343-0C431B3332E6}.Release|Any CPU.ActiveCfg = Release|Any CPU
		{EC75CCE9-C3C1-CD1B-5343-0C431B3332E6}.Release|Any CPU.Build.0 = Release|Any CPU
		{7D3EB32E-E586-61E3-CE1C-014CF78D0BB2}.Debug|Any CPU.ActiveCfg = Debug|Any CPU
		{7D3EB32E-E586-61E3-CE1C-014CF78D0BB2}.Debug|Any CPU.Build.0 = Debug|Any CPU
		{7D3EB32E-E586-61E3-CE1C-014CF78D0BB2}.Release|Any CPU.ActiveCfg = Release|Any CPU
		{7D3EB32E-E586-61E3-CE1C-014CF78D0BB2}.Release|Any CPU.Build.0 = Release|Any CPU
		{38866B58-89F9-D14F-C732-E1BC4DD476D6}.Debug|Any CPU.ActiveCfg = Debug|Any CPU
		{38866B58-89F9-D14F-C732-E1BC4DD476D6}.Debug|Any CPU.Build.0 = Debug|Any CPU
		{38866B58-89F9-D14F-C732-E1BC4DD476D6}.Release|Any CPU.ActiveCfg = Release|Any CPU
		{38866B58-89F9-D14F-C732-E1BC4DD476D6}.Release|Any CPU.Build.0 = Release|Any CPU
		{C7D29466-94BC-AE36-D83B-E1B42B6AF0BE}.Debug|Any CPU.ActiveCfg = Debug|Any CPU
		{C7D29466-94BC-AE36-D83B-E1B42B6AF0BE}.Debug|Any CPU.Build.0 = Debug|Any CPU
		{C7D29466-94BC-AE36-D83B-E1B42B6AF0BE}.Release|Any CPU.ActiveCfg = Release|Any CPU
		{C7D29466-94BC-AE36-D83B-E1B42B6AF0BE}.Release|Any CPU.Build.0 = Release|Any CPU
		{B64799E2-DDEC-E110-B550-788D8600207F}.Debug|Any CPU.ActiveCfg = Debug|Any CPU
		{B64799E2-DDEC-E110-B550-788D8600207F}.Debug|Any CPU.Build.0 = Debug|Any CPU
		{B64799E2-DDEC-E110-B550-788D8600207F}.Release|Any CPU.ActiveCfg = Release|Any CPU
		{B64799E2-DDEC-E110-B550-788D8600207F}.Release|Any CPU.Build.0 = Release|Any CPU
		{35D249F3-4DEB-95F4-08C0-F1D11F90986D}.Debug|Any CPU.ActiveCfg = Debug|Any CPU
		{35D249F3-4DEB-95F4-08C0-F1D11F90986D}.Debug|Any CPU.Build.0 = Debug|Any CPU
		{35D249F3-4DEB-95F4-08C0-F1D11F90986D}.Release|Any CPU.ActiveCfg = Release|Any CPU
		{35D249F3-4DEB-95F4-08C0-F1D11F90986D}.Release|Any CPU.Build.0 = Release|Any CPU
		{3FAFDDDA-D148-7106-21F5-7C9429AEFFF0}.Debug|Any CPU.ActiveCfg = Debug|Any CPU
		{3FAFDDDA-D148-7106-21F5-7C9429AEFFF0}.Debug|Any CPU.Build.0 = Debug|Any CPU
		{3FAFDDDA-D148-7106-21F5-7C9429AEFFF0}.Release|Any CPU.ActiveCfg = Release|Any CPU
		{3FAFDDDA-D148-7106-21F5-7C9429AEFFF0}.Release|Any CPU.Build.0 = Release|Any CPU
		{725B5B82-5C38-62A2-B282-813C179DD1B2}.Debug|Any CPU.ActiveCfg = Debug|Any CPU
		{725B5B82-5C38-62A2-B282-813C179DD1B2}.Debug|Any CPU.Build.0 = Debug|Any CPU
		{725B5B82-5C38-62A2-B282-813C179DD1B2}.Release|Any CPU.ActiveCfg = Release|Any CPU
		{725B5B82-5C38-62A2-B282-813C179DD1B2}.Release|Any CPU.Build.0 = Release|Any CPU
		{1C190369-988A-B787-205A-EA82F70DFFE9}.Debug|Any CPU.ActiveCfg = Debug|Any CPU
		{1C190369-988A-B787-205A-EA82F70DFFE9}.Debug|Any CPU.Build.0 = Debug|Any CPU
		{1C190369-988A-B787-205A-EA82F70DFFE9}.Release|Any CPU.ActiveCfg = Release|Any CPU
		{1C190369-988A-B787-205A-EA82F70DFFE9}.Release|Any CPU.Build.0 = Release|Any CPU
		{4190D78E-6F5E-A4EE-CF81-FBE77787220F}.Debug|Any CPU.ActiveCfg = Debug|Any CPU
		{4190D78E-6F5E-A4EE-CF81-FBE77787220F}.Debug|Any CPU.Build.0 = Debug|Any CPU
		{4190D78E-6F5E-A4EE-CF81-FBE77787220F}.Release|Any CPU.ActiveCfg = Release|Any CPU
		{4190D78E-6F5E-A4EE-CF81-FBE77787220F}.Release|Any CPU.Build.0 = Release|Any CPU
		{2E840284-C206-B796-0FA6-971ACA9EEE1E}.Debug|Any CPU.ActiveCfg = Debug|Any CPU
		{2E840284-C206-B796-0FA6-971ACA9EEE1E}.Debug|Any CPU.Build.0 = Debug|Any CPU
		{2E840284-C206-B796-0FA6-971ACA9EEE1E}.Release|Any CPU.ActiveCfg = Release|Any CPU
		{2E840284-C206-B796-0FA6-971ACA9EEE1E}.Release|Any CPU.Build.0 = Release|Any CPU
		{5DBE52B7-07F8-5D8E-27BD-2D2768D7DE02}.Debug|Any CPU.ActiveCfg = Debug|Any CPU
		{5DBE52B7-07F8-5D8E-27BD-2D2768D7DE02}.Debug|Any CPU.Build.0 = Debug|Any CPU
		{5DBE52B7-07F8-5D8E-27BD-2D2768D7DE02}.Release|Any CPU.ActiveCfg = Release|Any CPU
		{5DBE52B7-07F8-5D8E-27BD-2D2768D7DE02}.Release|Any CPU.Build.0 = Release|Any CPU
		{D22A9227-29FE-1BA0-7E97-94EB25BAC986}.Debug|Any CPU.ActiveCfg = Debug|Any CPU
		{D22A9227-29FE-1BA0-7E97-94EB25BAC986}.Debug|Any CPU.Build.0 = Debug|Any CPU
		{D22A9227-29FE-1BA0-7E97-94EB25BAC986}.Release|Any CPU.ActiveCfg = Release|Any CPU
		{D22A9227-29FE-1BA0-7E97-94EB25BAC986}.Release|Any CPU.Build.0 = Release|Any CPU
		{9EBC47A6-ED4B-EB9B-AFF4-AFB46896392F}.Debug|Any CPU.ActiveCfg = Debug|Any CPU
		{9EBC47A6-ED4B-EB9B-AFF4-AFB46896392F}.Debug|Any CPU.Build.0 = Debug|Any CPU
		{9EBC47A6-ED4B-EB9B-AFF4-AFB46896392F}.Release|Any CPU.ActiveCfg = Release|Any CPU
		{9EBC47A6-ED4B-EB9B-AFF4-AFB46896392F}.Release|Any CPU.Build.0 = Release|Any CPU
		{433EBFA2-1827-3084-E523-BFF384D577E2}.Debug|Any CPU.ActiveCfg = Debug|Any CPU
		{433EBFA2-1827-3084-E523-BFF384D577E2}.Debug|Any CPU.Build.0 = Debug|Any CPU
		{433EBFA2-1827-3084-E523-BFF384D577E2}.Release|Any CPU.ActiveCfg = Release|Any CPU
		{433EBFA2-1827-3084-E523-BFF384D577E2}.Release|Any CPU.Build.0 = Release|Any CPU
		{F19FE069-6A34-5B49-6E44-C44F92DC8874}.Debug|Any CPU.ActiveCfg = Debug|Any CPU
		{F19FE069-6A34-5B49-6E44-C44F92DC8874}.Debug|Any CPU.Build.0 = Debug|Any CPU
		{F19FE069-6A34-5B49-6E44-C44F92DC8874}.Release|Any CPU.ActiveCfg = Release|Any CPU
		{F19FE069-6A34-5B49-6E44-C44F92DC8874}.Release|Any CPU.Build.0 = Release|Any CPU
		{0158CFCB-821D-9897-171E-02B8B9974BD3}.Debug|Any CPU.ActiveCfg = Debug|Any CPU
		{0158CFCB-821D-9897-171E-02B8B9974BD3}.Debug|Any CPU.Build.0 = Debug|Any CPU
		{0158CFCB-821D-9897-171E-02B8B9974BD3}.Release|Any CPU.ActiveCfg = Release|Any CPU
		{0158CFCB-821D-9897-171E-02B8B9974BD3}.Release|Any CPU.Build.0 = Release|Any CPU
		{5F7976E1-965C-C418-6C46-BA7F77A2ED59}.Debug|Any CPU.ActiveCfg = Debug|Any CPU
		{5F7976E1-965C-C418-6C46-BA7F77A2ED59}.Debug|Any CPU.Build.0 = Debug|Any CPU
		{5F7976E1-965C-C418-6C46-BA7F77A2ED59}.Release|Any CPU.ActiveCfg = Release|Any CPU
		{5F7976E1-965C-C418-6C46-BA7F77A2ED59}.Release|Any CPU.Build.0 = Release|Any CPU
		{5E94C45D-DF2E-C8DC-E7AE-5608E396642C}.Debug|Any CPU.ActiveCfg = Debug|Any CPU
		{5E94C45D-DF2E-C8DC-E7AE-5608E396642C}.Debug|Any CPU.Build.0 = Debug|Any CPU
		{5E94C45D-DF2E-C8DC-E7AE-5608E396642C}.Release|Any CPU.ActiveCfg = Release|Any CPU
		{5E94C45D-DF2E-C8DC-E7AE-5608E396642C}.Release|Any CPU.Build.0 = Release|Any CPU
		{B5FC74EF-98C7-26DD-D54E-0D9CA9BB7554}.Debug|Any CPU.ActiveCfg = Debug|Any CPU
		{B5FC74EF-98C7-26DD-D54E-0D9CA9BB7554}.Debug|Any CPU.Build.0 = Debug|Any CPU
		{B5FC74EF-98C7-26DD-D54E-0D9CA9BB7554}.Release|Any CPU.ActiveCfg = Release|Any CPU
		{B5FC74EF-98C7-26DD-D54E-0D9CA9BB7554}.Release|Any CPU.Build.0 = Release|Any CPU
		{0F8668CB-4516-0B82-185E-9F87263E781D}.Debug|Any CPU.ActiveCfg = Debug|Any CPU
		{0F8668CB-4516-0B82-185E-9F87263E781D}.Debug|Any CPU.Build.0 = Debug|Any CPU
		{0F8668CB-4516-0B82-185E-9F87263E781D}.Release|Any CPU.ActiveCfg = Release|Any CPU
		{0F8668CB-4516-0B82-185E-9F87263E781D}.Release|Any CPU.Build.0 = Release|Any CPU
		{7C4B8F4D-E692-05BA-494F-3296CA08A4BE}.Debug|Any CPU.ActiveCfg = Debug|Any CPU
		{7C4B8F4D-E692-05BA-494F-3296CA08A4BE}.Debug|Any CPU.Build.0 = Debug|Any CPU
		{7C4B8F4D-E692-05BA-494F-3296CA08A4BE}.Release|Any CPU.ActiveCfg = Release|Any CPU
		{7C4B8F4D-E692-05BA-494F-3296CA08A4BE}.Release|Any CPU.Build.0 = Release|Any CPU
		{08B40B86-A92F-700B-E10E-D807233439C8}.Debug|Any CPU.ActiveCfg = Debug|Any CPU
		{08B40B86-A92F-700B-E10E-D807233439C8}.Debug|Any CPU.Build.0 = Debug|Any CPU
		{08B40B86-A92F-700B-E10E-D807233439C8}.Release|Any CPU.ActiveCfg = Release|Any CPU
		{08B40B86-A92F-700B-E10E-D807233439C8}.Release|Any CPU.Build.0 = Release|Any CPU
	EndGlobalSection
	GlobalSection(SolutionProperties) = preSolution
		HideSolutionNode = FALSE
	EndGlobalSection
EndGlobal
